{
  "name": "static",
  "version": "1.0.0",
  "lockfileVersion": 3,
  "requires": true,
  "packages": {
    "": {
      "name": "static",
      "version": "1.0.0",
      "license": "ISC",
      "dependencies": {
        "fomantic-ui-css": "^2.8.8"
      }
    },
    "node_modules/fomantic-ui-css": {
      "version": "2.9.2",
      "resolved": "https://registry.npmjs.org/fomantic-ui-css/-/fomantic-ui-css-2.9.2.tgz",
      "integrity": "sha512-D2KogymuA0t7z7zLoekSorgpOKil+q8y09sfYmWP1LcEA1WYRcMKdm5okjnxn4eopl8j45WBnWrkgtobNSbY2w==",
      "dependencies": {
        "jquery": "^3.4.0"
      }
    },
    "node_modules/jquery": {
      "version": "3.7.1",
      "resolved": "https://registry.npmjs.org/jquery/-/jquery-3.7.1.tgz",
      "integrity": "sha512-m4avr8yL8kmFN8psrbFFFmB/If14iN5o9nw/NgnnM+kybDJpRsAynV2BsfpTYrTRysYUdADVD7CkUUizgkpLfg=="
    }
  }
}
